
Microsoft Visual Studio Solution File, Format Version 12.00
# Visual Studio 15
VisualStudioVersion = 15.0.28307.1022
MinimumVisualStudioVersion = 10.0.40219.1
Project("{FAE04EC0-301F-11D3-BF4B-00C04F79EFBC}") = "MediaPlayer", "MediaPlayer\MediaPlayer.csproj", "{847AFC82-677F-4F32-B911-6029F3F79037}"
EndProject
Global
	GlobalSection(SolutionConfigurationPlatforms) = preSolution
		Debug|Any CPU = Debug|Any CPU
		Release|Any CPU = Release|Any CPU
	EndGlobalSection
	GlobalSection(ProjectConfigurationPlatforms) = postSolution
		{847AFC82-677F-4F32-B911-6029F3F79037}.Debug|Any CPU.ActiveCfg = Debug|Any CPU
		{847AFC82-677F-4F32-B911-6029F3F79037}.Debug|Any CPU.Build.0 = Debug|Any CPU
		{847AFC82-677F-4F32-B911-6029F3F79037}.Release|Any CPU.ActiveCfg = Release|Any CPU
		{847AFC82-677F-4F32-B911-6029F3F79037}.Release|Any CPU.Build.0 = Release|Any CPU
	EndGlobalSection
	GlobalSection(SolutionProperties) = preSolution
		HideSolutionNode = FALSE
	EndGlobalSection
	GlobalSection(ExtensibilityGlobals) = postSolution
		SolutionGuid = {5641E5C4-B3F1-46AA-B318-C53B7AE6845E}
	EndGlobalSection
EndGlobal
